// !$*UTF8*$!
{
	archiveVersion = 1;
	classes = {
	};
	objectVersion = 50;
	objects = {

/* Begin PBXBuildFile section */
		24426DF220CE5AF500CFEF7A /* AppDelegate.m in Sources */ = {isa = PBXBuildFile; fileRef = 24426DF120CE5AF500CFEF7A /* AppDelegate.m */; };
		24426DF820CE5AF500CFEF7A /* Main.storyboard in Resources */ = {isa = PBXBuildFile; fileRef = 24426DF620CE5AF500CFEF7A /* Main.storyboard */; };
		24426DFA20CE5AF700CFEF7A /* Assets.xcassets in Resources */ = {isa = PBXBuildFile; fileRef = 24426DF920CE5AF700CFEF7A /* Assets.xcassets */; };
		24426DFD20CE5AF700CFEF7A /* LaunchScreen.storyboard in Resources */ = {isa = PBXBuildFile; fileRef = 24426DFB20CE5AF700CFEF7A /* LaunchScreen.storyboard */; };
		24426E0020CE5AF700CFEF7A /* main.m in Sources */ = {isa = PBXBuildFile; fileRef = 24426DFF20CE5AF700CFEF7A /* main.m */; };
		24426E0A20CE5AF700CFEF7A /* GCDTestTests.m in Sources */ = {isa = PBXBuildFile; fileRef = 24426E0920CE5AF700CFEF7A /* GCDTestTests.m */; };
		24426E1520CE5AF700CFEF7A /* GCDTestUITests.m in Sources */ = {isa = PBXBuildFile; fileRef = 24426E1420CE5AF700CFEF7A /* GCDTestUITests.m */; };
		24426E2720CE5D8500CFEF7A /* SNHomeTableController.m in Sources */ = {isa = PBXBuildFile; fileRef = 24426E2620CE5D8500CFEF7A /* SNHomeTableController.m */; };
		24F68ACF20CE6151000015F6 /* SNSeveralRequestController.m in Sources */ = {isa = PBXBuildFile; fileRef = 24F68ACE20CE6151000015F6 /* SNSeveralRequestController.m */; };
		4214050DD2A1AC65C0C3222D /* libPods-GCDTest.a in Frameworks */ = {isa = PBXBuildFile; fileRef = 34A2BAD43B00560B89AE76E3 /* libPods-GCDTest.a */; };
		88B8F3DF8F1DDDC108CEE2CD /* libPods-GCDTestUITests.a in Frameworks */ = {isa = PBXBuildFile; fileRef = 0A2FF0B300B94CD903ECB435 /* libPods-GCDTestUITests.a */; };
		F3CB29248680B8597ADE4843 /* libPods-GCDTestTests.a in Frameworks */ = {isa = PBXBuildFile; fileRef = EACBFED9C8A4E3C12E06F1C8 /* libPods-GCDTestTests.a */; };
/* End PBXBuildFile section */

/* Begin PBXContainerItemProxy section */
		24426E0620CE5AF700CFEF7A /* PBXContainerItemProxy */ = {
			isa = PBXContainerItemProxy;
			containerPortal = 24426DE520CE5AF400CFEF7A /* Project object */;
			proxyType = 1;
			remoteGlobalIDString = 24426DEC20CE5AF400CFEF7A;
			remoteInfo = GCDTest;
		};
		24426E1120CE5AF700CFEF7A /* PBXContainerItemProxy */ = {
			isa = PBXContainerItemProxy;
			containerPortal = 24426DE520CE5AF400CFEF7A /* Project object */;
			proxyType = 1;
			remoteGlobalIDString = 24426DEC20CE5AF400CFEF7A;
			remoteInfo = GCDTest;
		};
/* End PBXContainerItemProxy section */

/* Begin PBXFileReference section */
		0A2FF0B300B94CD903ECB435 /* libPods-GCDTestUITests.a */ = {isa = PBXFileReference; explicitFileType = archive.ar; includeInIndex = 0; path = "libPods-GCDTestUITests.a"; sourceTree = BUILT_PRODUCTS_DIR; };
		1A03B5277DBF43ACA3423959 /* Pods-GCDTestUITests.debug.xcconfig */ = {isa = PBXFileReference; includeInIndex = 1; lastKnownFileType = text.xcconfig; name = "Pods-GCDTestUITests.debug.xcconfig"; path = "Pods/Target Support Files/Pods-GCDTestUITests/Pods-GCDTestUITests.debug.xcconfig"; sourceTree = "<group>"; };
		24426DED20CE5AF400CFEF7A /* GCDTest.app */ = {isa = PBXFileReference; explicitFileType = wrapper.application; includeInIndex = 0; path = GCDTest.app; sourceTree = BUILT_PRODUCTS_DIR; };
		24426DF020CE5AF400CFEF7A /* AppDelegate.h */ = {isa = PBXFileReference; lastKnownFileType = sourcecode.c.h; path = AppDelegate.h; sourceTree = "<group>"; };
		24426DF120CE5AF500CFEF7A /* AppDelegate.m */ = {isa = PBXFileReference; lastKnownFileType = sourcecode.c.objc; path = AppDelegate.m; sourceTree = "<group>"; };
		24426DF720CE5AF500CFEF7A /* Base */ = {isa = PBXFileReference; lastKnownFileType = file.storyboard; name = Base; path = Base.lproj/Main.storyboard; sourceTree = "<group>"; };
		24426DF920CE5AF700CFEF7A /* Assets.xcassets */ = {isa = PBXFileReference; lastKnownFileType = folder.assetcatalog; path = Assets.xcassets; sourceTree = "<group>"; };
		24426DFC20CE5AF700CFEF7A /* Base */ = {isa = PBXFileReference; lastKnownFileType = file.storyboard; name = Base; path = Base.lproj/LaunchScreen.storyboard; sourceTree = "<group>"; };
		24426DFE20CE5AF700CFEF7A /* Info.plist */ = {isa = PBXFileReference; lastKnownFileType = text.plist.xml; path = Info.plist; sourceTree = "<group>"; };
		24426DFF20CE5AF700CFEF7A /* main.m */ = {isa = PBXFileReference; lastKnownFileType = sourcecode.c.objc; path = main.m; sourceTree = "<group>"; };
		24426E0520CE5AF700CFEF7A /* GCDTestTests.xctest */ = {isa = PBXFileReference; explicitFileType = wrapper.cfbundle; includeInIndex = 0; path = GCDTestTests.xctest; sourceTree = BUILT_PRODUCTS_DIR; };
		24426E0920CE5AF700CFEF7A /* GCDTestTests.m */ = {isa = PBXFileReference; lastKnownFileType = sourcecode.c.objc; path = GCDTestTests.m; sourceTree = "<group>"; };
		24426E0B20CE5AF700CFEF7A /* Info.plist */ = {isa = PBXFileReference; lastKnownFileType = text.plist.xml; path = Info.plist; sourceTree = "<group>"; };
		24426E1020CE5AF700CFEF7A /* GCDTestUITests.xctest */ = {isa = PBXFileReference; explicitFileType = wrapper.cfbundle; includeInIndex = 0; path = GCDTestUITests.xctest; sourceTree = BUILT_PRODUCTS_DIR; };
		24426E1420CE5AF700CFEF7A /* GCDTestUITests.m */ = {isa = PBXFileReference; lastKnownFileType = sourcecode.c.objc; path = GCDTestUITests.m; sourceTree = "<group>"; };
		24426E1620CE5AF700CFEF7A /* Info.plist */ = {isa = PBXFileReference; lastKnownFileType = text.plist.xml; path = Info.plist; sourceTree = "<group>"; };
		24426E2520CE5D8500CFEF7A /* SNHomeTableController.h */ = {isa = PBXFileReference; lastKnownFileType = sourcecode.c.h; path = SNHomeTableController.h; sourceTree = "<group>"; };
		24426E2620CE5D8500CFEF7A /* SNHomeTableController.m */ = {isa = PBXFileReference; lastKnownFileType = sourcecode.c.objc; path = SNHomeTableController.m; sourceTree = "<group>"; };
		24F68ACD20CE6151000015F6 /* SNSeveralRequestController.h */ = {isa = PBXFileReference; lastKnownFileType = sourcecode.c.h; path = SNSeveralRequestController.h; sourceTree = "<group>"; };
		24F68ACE20CE6151000015F6 /* SNSeveralRequestController.m */ = {isa = PBXFileReference; lastKnownFileType = sourcecode.c.objc; path = SNSeveralRequestController.m; sourceTree = "<group>"; };
		288295E11273E35AD727BB5A /* Pods-GCDTestTests.release.xcconfig */ = {isa = PBXFileReference; includeInIndex = 1; lastKnownFileType = text.xcconfig; name = "Pods-GCDTestTests.release.xcconfig"; path = "Pods/Target Support Files/Pods-GCDTestTests/Pods-GCDTestTests.release.xcconfig"; sourceTree = "<group>"; };
		2AB5050A06603A8E265321FC /* Pods-GCDTestTests.debug.xcconfig */ = {isa = PBXFileReference; includeInIndex = 1; lastKnownFileType = text.xcconfig; name = "Pods-GCDTestTests.debug.xcconfig"; path = "Pods/Target Support Files/Pods-GCDTestTests/Pods-GCDTestTests.debug.xcconfig"; sourceTree = "<group>"; };
		2DA762FF71291BC3A56D21B5 /* Pods-GCDTest.debug.xcconfig */ = {isa = PBXFileReference; includeInIndex = 1; lastKnownFileType = text.xcconfig; name = "Pods-GCDTest.debug.xcconfig"; path = "Pods/Target Support Files/Pods-GCDTest/Pods-GCDTest.debug.xcconfig"; sourceTree = "<group>"; };
		34A2BAD43B00560B89AE76E3 /* libPods-GCDTest.a */ = {isa = PBXFileReference; explicitFileType = archive.ar; includeInIndex = 0; path = "libPods-GCDTest.a"; sourceTree = BUILT_PRODUCTS_DIR; };
		3FBEC29963F4D9E7DF36A1B0 /* Pods-GCDTest.release.xcconfig */ = {isa = PBXFileReference; includeInIndex = 1; lastKnownFileType = text.xcconfig; name = "Pods-GCDTest.release.xcconfig"; path = "Pods/Target Support Files/Pods-GCDTest/Pods-GCDTest.release.xcconfig"; sourceTree = "<group>"; };
		B2E1EFDBEEBA0B302202ABB6 /* Pods-GCDTestUITests.release.xcconfig */ = {isa = PBXFileReference; includeInIndex = 1; lastKnownFileType = text.xcconfig; name = "Pods-GCDTestUITests.release.xcconfig"; path = "Pods/Target Support Files/Pods-GCDTestUITests/Pods-GCDTestUITests.release.xcconfig"; sourceTree = "<group>"; };
		EACBFED9C8A4E3C12E06F1C8 /* libPods-GCDTestTests.a */ = {isa = PBXFileReference; explicitFileType = archive.ar; includeInIndex = 0; path = "libPods-GCDTestTests.a"; sourceTree = BUILT_PRODUCTS_DIR; };
/* End PBXFileReference section */

/* Begin PBXFrameworksBuildPhase section */
		24426DEA20CE5AF400CFEF7A /* Frameworks */ = {
			isa = PBXFrameworksBuildPhase;
			buildActionMask = 2147483647;
			files = (
				4214050DD2A1AC65C0C3222D /* libPods-GCDTest.a in Frameworks */,
			);
			runOnlyForDeploymentPostprocessing = 0;
		};
		24426E0220CE5AF700CFEF7A /* Frameworks */ = {
			isa = PBXFrameworksBuildPhase;
			buildActionMask = 2147483647;
			files = (
				F3CB29248680B8597ADE4843 /* libPods-GCDTestTests.a in Frameworks */,
			);
			runOnlyForDeploymentPostprocessing = 0;
		};
		24426E0D20CE5AF700CFEF7A /* Frameworks */ = {
			isa = PBXFrameworksBuildPhase;
			buildActionMask = 2147483647;
			files = (
				88B8F3DF8F1DDDC108CEE2CD /* libPods-GCDTestUITests.a in Frameworks */,
			);
			runOnlyForDeploymentPostprocessing = 0;
		};
/* End PBXFrameworksBuildPhase section */

/* Begin PBXGroup section */
		24426DE420CE5AF400CFEF7A = {
			isa = PBXGroup;
			children = (
				24426DEF20CE5AF400CFEF7A /* GCDTest */,
				24426E0820CE5AF700CFEF7A /* GCDTestTests */,
				24426E1320CE5AF700CFEF7A /* GCDTestUITests */,
				24426DEE20CE5AF400CFEF7A /* Products */,
				5A8A50DBD5051BEC7DDD5E16 /* Pods */,
				CE67A7E861C6913B70045645 /* Frameworks */,
			);
			sourceTree = "<group>";
		};
		24426DEE20CE5AF400CFEF7A /* Products */ = {
			isa = PBXGroup;
			children = (
				24426DED20CE5AF400CFEF7A /* GCDTest.app */,
				24426E0520CE5AF700CFEF7A /* GCDTestTests.xctest */,
				24426E1020CE5AF700CFEF7A /* GCDTestUITests.xctest */,
			);
			name = Products;
			sourceTree = "<group>";
		};
		24426DEF20CE5AF400CFEF7A /* GCDTest */ = {
			isa = PBXGroup;
			children = (
				24426DF020CE5AF400CFEF7A /* AppDelegate.h */,
				24426DF120CE5AF500CFEF7A /* AppDelegate.m */,
				24426DF620CE5AF500CFEF7A /* Main.storyboard */,
				24426DF920CE5AF700CFEF7A /* Assets.xcassets */,
				24426DFB20CE5AF700CFEF7A /* LaunchScreen.storyboard */,
				24426DFE20CE5AF700CFEF7A /* Info.plist */,
				24426DFF20CE5AF700CFEF7A /* main.m */,
				24426E2520CE5D8500CFEF7A /* SNHomeTableController.h */,
				24426E2620CE5D8500CFEF7A /* SNHomeTableController.m */,
				24F68ACD20CE6151000015F6 /* SNSeveralRequestController.h */,
				24F68ACE20CE6151000015F6 /* SNSeveralRequestController.m */,
			);
			path = GCDTest;
			sourceTree = "<group>";
		};
		24426E0820CE5AF700CFEF7A /* GCDTestTests */ = {
			isa = PBXGroup;
			children = (
				24426E0920CE5AF700CFEF7A /* GCDTestTests.m */,
				24426E0B20CE5AF700CFEF7A /* Info.plist */,
			);
			path = GCDTestTests;
			sourceTree = "<group>";
		};
		24426E1320CE5AF700CFEF7A /* GCDTestUITests */ = {
			isa = PBXGroup;
			children = (
				24426E1420CE5AF700CFEF7A /* GCDTestUITests.m */,
				24426E1620CE5AF700CFEF7A /* Info.plist */,
			);
			path = GCDTestUITests;
			sourceTree = "<group>";
		};
		5A8A50DBD5051BEC7DDD5E16 /* Pods */ = {
			isa = PBXGroup;
			children = (
				2DA762FF71291BC3A56D21B5 /* Pods-GCDTest.debug.xcconfig */,
				3FBEC29963F4D9E7DF36A1B0 /* Pods-GCDTest.release.xcconfig */,
				2AB5050A06603A8E265321FC /* Pods-GCDTestTests.debug.xcconfig */,
				288295E11273E35AD727BB5A /* Pods-GCDTestTests.release.xcconfig */,
				1A03B5277DBF43ACA3423959 /* Pods-GCDTestUITests.debug.xcconfig */,
				B2E1EFDBEEBA0B302202ABB6 /* Pods-GCDTestUITests.release.xcconfig */,
			);
			name = Pods;
			sourceTree = "<group>";
		};
		CE67A7E861C6913B70045645 /* Frameworks */ = {
			isa = PBXGroup;
			children = (
				34A2BAD43B00560B89AE76E3 /* libPods-GCDTest.a */,
				EACBFED9C8A4E3C12E06F1C8 /* libPods-GCDTestTests.a */,
				0A2FF0B300B94CD903ECB435 /* libPods-GCDTestUITests.a */,
			);
			name = Frameworks;
			sourceTree = "<group>";
		};
/* End PBXGroup section */

/* Begin PBXNativeTarget section */
		24426DEC20CE5AF400CFEF7A /* GCDTest */ = {
			isa = PBXNativeTarget;
			buildConfigurationList = 24426E1920CE5AF700CFEF7A /* Build configuration list for PBXNativeTarget "GCDTest" */;
			buildPhases = (
				FA90714FF800FBEF7C72ECBF /* [CP] Check Pods Manifest.lock */,
				24426DE920CE5AF400CFEF7A /* Sources */,
				24426DEA20CE5AF400CFEF7A /* Frameworks */,
				24426DEB20CE5AF400CFEF7A /* Resources */,
				5325B162F01AA10AE65105DA /* [CP] Copy Pods Resources */,
			);
			buildRules = (
			);
			dependencies = (
			);
			name = GCDTest;
			productName = GCDTest;
			productReference = 24426DED20CE5AF400CFEF7A /* GCDTest.app */;
			productType = "com.apple.product-type.application";
		};
		24426E0420CE5AF700CFEF7A /* GCDTestTests */ = {
			isa = PBXNativeTarget;
			buildConfigurationList = 24426E1C20CE5AF700CFEF7A /* Build configuration list for PBXNativeTarget "GCDTestTests" */;
			buildPhases = (
				9460FEEA5AA001000E31ACCE /* [CP] Check Pods Manifest.lock */,
				24426E0120CE5AF700CFEF7A /* Sources */,
				24426E0220CE5AF700CFEF7A /* Frameworks */,
				24426E0320CE5AF700CFEF7A /* Resources */,
			);
			buildRules = (
			);
			dependencies = (
				24426E0720CE5AF700CFEF7A /* PBXTargetDependency */,
			);
			name = GCDTestTests;
			productName = GCDTestTests;
			productReference = 24426E0520CE5AF700CFEF7A /* GCDTestTests.xctest */;
			productType = "com.apple.product-type.bundle.unit-test";
		};
		24426E0F20CE5AF700CFEF7A /* GCDTestUITests */ = {
			isa = PBXNativeTarget;
			buildConfigurationList = 24426E1F20CE5AF700CFEF7A /* Build configuration list for PBXNativeTarget "GCDTestUITests" */;
			buildPhases = (
				AB624FD58E46F08850C973A1 /* [CP] Check Pods Manifest.lock */,
				24426E0C20CE5AF700CFEF7A /* Sources */,
				24426E0D20CE5AF700CFEF7A /* Frameworks */,
				24426E0E20CE5AF700CFEF7A /* Resources */,
			);
			buildRules = (
			);
			dependencies = (
				24426E1220CE5AF700CFEF7A /* PBXTargetDependency */,
			);
			name = GCDTestUITests;
			productName = GCDTestUITests;
			productReference = 24426E1020CE5AF700CFEF7A /* GCDTestUITests.xctest */;
			productType = "com.apple.product-type.bundle.ui-testing";
		};
/* End PBXNativeTarget section */

/* Begin PBXProject section */
		24426DE520CE5AF400CFEF7A /* Project object */ = {
			isa = PBXProject;
			attributes = {
				LastUpgradeCheck = 0940;
				ORGANIZATIONNAME = Temporary;
				TargetAttributes = {
					24426DEC20CE5AF400CFEF7A = {
						CreatedOnToolsVersion = 9.4;
					};
					24426E0420CE5AF700CFEF7A = {
						CreatedOnToolsVersion = 9.4;
						TestTargetID = 24426DEC20CE5AF400CFEF7A;
					};
					24426E0F20CE5AF700CFEF7A = {
						CreatedOnToolsVersion = 9.4;
						TestTargetID = 24426DEC20CE5AF400CFEF7A;
					};
				};
			};
			buildConfigurationList = 24426DE820CE5AF400CFEF7A /* Build configuration list for PBXProject "GCDTest" */;
			compatibilityVersion = "Xcode 9.3";
			developmentRegion = en;
			hasScannedForEncodings = 0;
			knownRegions = (
				en,
				Base,
			);
			mainGroup = 24426DE420CE5AF400CFEF7A;
			productRefGroup = 24426DEE20CE5AF400CFEF7A /* Products */;
			projectDirPath = "";
			projectRoot = "";
			targets = (
				24426DEC20CE5AF400CFEF7A /* GCDTest */,
				24426E0420CE5AF700CFEF7A /* GCDTestTests */,
				24426E0F20CE5AF700CFEF7A /* GCDTestUITests */,
			);
		};
/* End PBXProject section */

/* Begin PBXResourcesBuildPhase section */
		24426DEB20CE5AF400CFEF7A /* Resources */ = {
			isa = PBXResourcesBuildPhase;
			buildActionMask = 2147483647;
			files = (
				24426DFD20CE5AF700CFEF7A /* LaunchScreen.storyboard in Resources */,
				24426DFA20CE5AF700CFEF7A /* Assets.xcassets in Resources */,
				24426DF820CE5AF500CFEF7A /* Main.storyboard in Resources */,
			);
			runOnlyForDeploymentPostprocessing = 0;
		};
		24426E0320CE5AF700CFEF7A /* Resources */ = {
			isa = PBXResourcesBuildPhase;
			buildActionMask = 2147483647;
			files = (
			);
			runOnlyForDeploymentPostprocessing = 0;
		};
		24426E0E20CE5AF700CFEF7A /* Resources */ = {
			isa = PBXResourcesBuildPhase;
			buildActionMask = 2147483647;
			files = (
			);
			runOnlyForDeploymentPostprocessing = 0;
		};
/* End PBXResourcesBuildPhase section */

/* Begin PBXShellScriptBuildPhase section */
		5325B162F01AA10AE65105DA /* [CP] Copy Pods Resources */ = {
			isa = PBXShellScriptBuildPhase;
			buildActionMask = 2147483647;
			files = (
			);
			inputPaths = (
				"${SRCROOT}/Pods/Target Support Files/Pods-GCDTest/Pods-GCDTest-resources.sh",
				"${PODS_ROOT}/MJRefresh/MJRefresh/MJRefresh.bundle",
			);
			name = "[CP] Copy Pods Resources";
			outputPaths = (
				"${TARGET_BUILD_DIR}/${UNLOCALIZED_RESOURCES_FOLDER_PATH}/MJRefresh.bundle",
			);
			runOnlyForDeploymentPostprocessing = 0;
			shellPath = /bin/sh;
			shellScript = "\"${SRCROOT}/Pods/Target Support Files/Pods-GCDTest/Pods-GCDTest-resources.sh\"\n";
			showEnvVarsInLog = 0;
		};
		9460FEEA5AA001000E31ACCE /* [CP] Check Pods Manifest.lock */ = {
			isa = PBXShellScriptBuildPhase;
			buildActionMask = 2147483647;
			files = (
			);
			inputPaths = (
				"${PODS_PODFILE_DIR_PATH}/Podfile.lock",
				"${PODS_ROOT}/Manifest.lock",
			);
			name = "[CP] Check Pods Manifest.lock";
			outputPaths = (
				"$(DERIVED_FILE_DIR)/Pods-GCDTestTests-checkManifestLockResult.txt",
			);
			runOnlyForDeploymentPostprocessing = 0;
			shellPath = /bin/sh;
			shellScript = "diff \"${PODS_PODFILE_DIR_PATH}/Podfile.lock\" \"${PODS_ROOT}/Manifest.lock\" > /dev/null\nif [ $? != 0 ] ; then\n    # print error to STDERR\n    echo \"error: The sandbox is not in sync with the Podfile.lock. Run 'pod install' or update your CocoaPods installation.\" >&2\n    exit 1\nfi\n# This output is used by Xcode 'outputs' to avoid re-running this script phase.\necho \"SUCCESS\" > \"${SCRIPT_OUTPUT_FILE_0}\"\n";
			showEnvVarsInLog = 0;
		};
		AB624FD58E46F08850C973A1 /* [CP] Check Pods Manifest.lock */ = {
			isa = PBXShellScriptBuildPhase;
			buildActionMask = 2147483647;
			files = (
			);
			inputPaths = (
				"${PODS_PODFILE_DIR_PATH}/Podfile.lock",
				"${PODS_ROOT}/Manifest.lock",
			);
			name = "[CP] Check Pods Manifest.lock";
			outputPaths = (
				"$(DERIVED_FILE_DIR)/Pods-GCDTestUITests-checkManifestLockResult.txt",
			);
			runOnlyForDeploymentPostprocessing = 0;
			shellPath = /bin/sh;
			shellScript = "diff \"${PODS_PODFILE_DIR_PATH}/Podfile.lock\" \"${PODS_ROOT}/Manifest.lock\" > /dev/null\nif [ $? != 0 ] ; then\n    # print error to STDERR\n    echo \"error: The sandbox is not in sync with the Podfile.lock. Run 'pod install' or update your CocoaPods installation.\" >&2\n    exit 1\nfi\n# This output is used by Xcode 'outputs' to avoid re-running this script phase.\necho \"SUCCESS\" > \"${SCRIPT_OUTPUT_FILE_0}\"\n";
			showEnvVarsInLog = 0;
		};
		FA90714FF800FBEF7C72ECBF /* [CP] Check Pods Manifest.lock */ = {
			isa = PBXShellScriptBuildPhase;
			buildActionMask = 2147483647;
			files = (
			);
			inputPaths = (
				"${PODS_PODFILE_DIR_PATH}/Podfile.lock",
				"${PODS_ROOT}/Manifest.lock",
			);
			name = "[CP] Check Pods Manifest.lock";
			outputPaths = (
				"$(DERIVED_FILE_DIR)/Pods-GCDTest-checkManifestLockResult.txt",
			);
			runOnlyForDeploymentPostprocessing = 0;
			shellPath = /bin/sh;
			shellScript = "diff \"${PODS_PODFILE_DIR_PATH}/Podfile.lock\" \"${PODS_ROOT}/Manifest.lock\" > /dev/null\nif [ $? != 0 ] ; then\n    # print error to STDERR\n    echo \"error: The sandbox is not in sync with the Podfile.lock. Run 'pod install' or update your CocoaPods installation.\" >&2\n    exit 1\nfi\n# This output is used by Xcode 'outputs' to avoid re-running this script phase.\necho \"SUCCESS\" > \"${SCRIPT_OUTPUT_FILE_0}\"\n";
			showEnvVarsInLog = 0;
		};
/* End PBXShellScriptBuildPhase section */

/* Begin PBXSourcesBuildPhase section */
		24426DE920CE5AF400CFEF7A /* Sources */ = {
			isa = PBXSourcesBuildPhase;
			buildActionMask = 2147483647;
			files = (
				24426E0020CE5AF700CFEF7A /* main.m in Sources */,
				24426DF220CE5AF500CFEF7A /* AppDelegate.m in Sources */,
				24426E2720CE5D8500CFEF7A /* SNHomeTableController.m in Sources */,
				24F68ACF20CE6151000015F6 /* SNSeveralRequestController.m in Sources */,
			);
			runOnlyForDeploymentPostprocessing = 0;
		};
		24426E0120CE5AF700CFEF7A /* Sources */ = {
			isa = PBXSourcesBuildPhase;
			buildActionMask = 2147483647;
			files = (
				24426E0A20CE5AF700CFEF7A /* GCDTestTests.m in Sources */,
			);
			runOnlyForDeploymentPostprocessing = 0;
		};
		24426E0C20CE5AF700CFEF7A /* Sources */ = {
			isa = PBXSourcesBuildPhase;
			buildActionMask = 2147483647;
			files = (
				24426E1520CE5AF700CFEF7A /* GCDTestUITests.m in Sources */,
			);
			runOnlyForDeploymentPostprocessing = 0;
		};
/* End PBXSourcesBuildPhase section */

/* Begin PBXTargetDependency section */
		24426E0720CE5AF700CFEF7A /* PBXTargetDependency */ = {
			isa = PBXTargetDependency;
			target = 24426DEC20CE5AF400CFEF7A /* GCDTest */;
			targetProxy = 24426E0620CE5AF700CFEF7A /* PBXContainerItemProxy */;
		};
		24426E1220CE5AF700CFEF7A /* PBXTargetDependency */ = {
			isa = PBXTargetDependency;
			target = 24426DEC20CE5AF400CFEF7A /* GCDTest */;
			targetProxy = 24426E1120CE5AF700CFEF7A /* PBXContainerItemProxy */;
		};
/* End PBXTargetDependency section */

/* Begin PBXVariantGroup section */
		24426DF620CE5AF500CFEF7A /* Main.storyboard */ = {
			isa = PBXVariantGroup;
			children = (
				24426DF720CE5AF500CFEF7A /* Base */,
			);
			name = Main.storyboard;
			sourceTree = "<group>";
		};
		24426DFB20CE5AF700CFEF7A /* LaunchScreen.storyboard */ = {
			isa = PBXVariantGroup;
			children = (
				24426DFC20CE5AF700CFEF7A /* Base */,
			);
			name = LaunchScreen.storyboard;
			sourceTree = "<group>";
		};
/* End PBXVariantGroup section */

/* Begin XCBuildConfiguration section */
		24426E1720CE5AF700CFEF7A /* Debug */ = {
			isa = XCBuildConfiguration;
			buildSettings = {
				ALWAYS_SEARCH_USER_PATHS = NO;
				CLANG_ANALYZER_NONNULL = YES;
				CLANG_ANALYZER_NUMBER_OBJECT_CONVERSION = YES_AGGRESSIVE;
				CLANG_CXX_LANGUAGE_STANDARD = "gnu++14";
				CLANG_CXX_LIBRARY = "libc++";
				CLANG_ENABLE_MODULES = YES;
				CLANG_ENABLE_OBJC_ARC = YES;
				CLANG_ENABLE_OBJC_WEAK = YES;
				CLANG_WARN_BLOCK_CAPTURE_AUTORELEASING = YES;
				CLANG_WARN_BOOL_CONVERSION = YES;
				CLANG_WARN_COMMA = YES;
				CLANG_WARN_CONSTANT_CONVERSION = YES;
				CLANG_WARN_DEPRECATED_OBJC_IMPLEMENTATIONS = YES;
				CLANG_WARN_DIRECT_OBJC_ISA_USAGE = YES_ERROR;
				CLANG_WARN_DOCUMENTATION_COMMENTS = YES;
				CLANG_WARN_EMPTY_BODY = YES;
				CLANG_WARN_ENUM_CONVERSION = YES;
				CLANG_WARN_INFINITE_RECURSION = YES;
				CLANG_WARN_INT_CONVERSION = YES;
				CLANG_WARN_NON_LITERAL_NULL_CONVERSION = YES;
				CLANG_WARN_OBJC_IMPLICIT_RETAIN_SELF = YES;
				CLANG_WARN_OBJC_LITERAL_CONVERSION = YES;
				CLANG_WARN_OBJC_ROOT_CLASS = YES_ERROR;
				CLANG_WARN_RANGE_LOOP_ANALYSIS = YES;
				CLANG_WARN_STRICT_PROTOTYPES = YES;
				CLANG_WARN_SUSPICIOUS_MOVE = YES;
				CLANG_WARN_UNGUARDED_AVAILABILITY = YES_AGGRESSIVE;
				CLANG_WARN_UNREACHABLE_CODE = YES;
				CLANG_WARN__DUPLICATE_METHOD_MATCH = YES;
				CODE_SIGN_IDENTITY = "iPhone Developer";
				COPY_PHASE_STRIP = NO;
				DEBUG_INFORMATION_FORMAT = dwarf;
				ENABLE_STRICT_OBJC_MSGSEND = YES;
				ENABLE_TESTABILITY = YES;
				GCC_C_LANGUAGE_STANDARD = gnu11;
				GCC_DYNAMIC_NO_PIC = NO;
				GCC_NO_COMMON_BLOCKS = YES;
				GCC_OPTIMIZATION_LEVEL = 0;
				GCC_PREPROCESSOR_DEFINITIONS = (
					"DEBUG=1",
					"$(inherited)",
				);
				GCC_WARN_64_TO_32_BIT_CONVERSION = YES;
				GCC_WARN_ABOUT_RETURN_TYPE = YES_ERROR;
				GCC_WARN_UNDECLARED_SELECTOR = YES;
				GCC_WARN_UNINITIALIZED_AUTOS = YES_AGGRESSIVE;
				GCC_WARN_UNUSED_FUNCTION = YES;
				GCC_WARN_UNUSED_VARIABLE = YES;
				IPHONEOS_DEPLOYMENT_TARGET = 11.4;
				MTL_ENABLE_DEBUG_INFO = YES;
				ONLY_ACTIVE_ARCH = YES;
				SDKROOT = iphoneos;
			};
			name = Debug;
		};
		24426E1820CE5AF700CFEF7A /* Release */ = {
			isa = XCBuildConfiguration;
			buildSettings = {
				ALWAYS_SEARCH_USER_PATHS = NO;
				CLANG_ANALYZER_NONNULL = YES;
				CLANG_ANALYZER_NUMBER_OBJECT_CONVERSION = YES_AGGRESSIVE;
				CLANG_CXX_LANGUAGE_STANDARD = "gnu++14";
				CLANG_CXX_LIBRARY = "libc++";
				CLANG_ENABLE_MODULES = YES;
				CLANG_ENABLE_OBJC_ARC = YES;
				CLANG_ENABLE_OBJC_WEAK = YES;
				CLANG_WARN_BLOCK_CAPTURE_AUTORELEASING = YES;
				CLANG_WARN_BOOL_CONVERSION = YES;
				CLANG_WARN_COMMA = YES;
				CLANG_WARN_CONSTANT_CONVERSION = YES;
				CLANG_WARN_DEPRECATED_OBJC_IMPLEMENTATIONS = YES;
				CLANG_WARN_DIRECT_OBJC_ISA_USAGE = YES_ERROR;
				CLANG_WARN_DOCUMENTATION_COMMENTS = YES;
				CLANG_WARN_EMPTY_BODY = YES;
				CLANG_WARN_ENUM_CONVERSION = YES;
				CLANG_WARN_INFINITE_RECURSION = YES;
				CLANG_WARN_INT_CONVERSION = YES;
				CLANG_WARN_NON_LITERAL_NULL_CONVERSION = YES;
				CLANG_WARN_OBJC_IMPLICIT_RETAIN_SELF = YES;
				CLANG_WARN_OBJC_LITERAL_CONVERSION = YES;
				CLANG_WARN_OBJC_ROOT_CLASS = YES_ERROR;
				CLANG_WARN_RANGE_LOOP_ANALYSIS = YES;
				CLANG_WARN_STRICT_PROTOTYPES = YES;
				CLANG_WARN_SUSPICIOUS_MOVE = YES;
				CLANG_WARN_UNGUARDED_AVAILABILITY = YES_AGGRESSIVE;
				CLANG_WARN_UNREACHABLE_CODE = YES;
				CLANG_WARN__DUPLICATE_METHOD_MATCH = YES;
				CODE_SIGN_IDENTITY = "iPhone Developer";
				COPY_PHASE_STRIP = NO;
				DEBUG_INFORMATION_FORMAT = "dwarf-with-dsym";
				ENABLE_NS_ASSERTIONS = NO;
				ENABLE_STRICT_OBJC_MSGSEND = YES;
				GCC_C_LANGUAGE_STANDARD = gnu11;
				GCC_NO_COMMON_BLOCKS = YES;
				GCC_WARN_64_TO_32_BIT_CONVERSION = YES;
				GCC_WARN_ABOUT_RETURN_TYPE = YES_ERROR;
				GCC_WARN_UNDECLARED_SELECTOR = YES;
				GCC_WARN_UNINITIALIZED_AUTOS = YES_AGGRESSIVE;
				GCC_WARN_UNUSED_FUNCTION = YES;
				GCC_WARN_UNUSED_VARIABLE = YES;
				IPHONEOS_DEPLOYMENT_TARGET = 11.4;
				MTL_ENABLE_DEBUG_INFO = NO;
				SDKROOT = iphoneos;
				VALIDATE_PRODUCT = YES;
			};
			name = Release;
		};
		24426E1A20CE5AF700CFEF7A /* Debug */ = {
			isa = XCBuildConfiguration;
			baseConfigurationReference = 2DA762FF71291BC3A56D21B5 /* Pods-GCDTest.debug.xcconfig */;
			buildSettings = {
				ASSETCATALOG_COMPILER_APPICON_NAME = AppIcon;
				CODE_SIGN_STYLE = Automatic;
				DEVELOPMENT_TEAM = D2YB7AB988;
				INFOPLIST_FILE = GCDTest/Info.plist;
				IPHONEOS_DEPLOYMENT_TARGET = 10.0;
				LD_RUNPATH_SEARCH_PATHS = (
					"$(inherited)",
					"@executable_path/Frameworks",
				);
				PRODUCT_BUNDLE_IDENTIFIER = Sunny.GCDTest;
				PRODUCT_NAME = "$(TARGET_NAME)";
				TARGETED_DEVICE_FAMILY = "1,2";
			};
			name = Debug;
		};
		24426E1B20CE5AF700CFEF7A /* Release */ = {
			isa = XCBuildConfiguration;
			baseConfigurationReference = 3FBEC29963F4D9E7DF36A1B0 /* Pods-GCDTest.release.xcconfig */;
			buildSettings = {
				ASSETCATALOG_COMPILER_APPICON_NAME = AppIcon;
				CODE_SIGN_STYLE = Automatic;
				DEVELOPMENT_TEAM = D2YB7AB988;
				INFOPLIST_FILE = GCDTest/Info.plist;
				IPHONEOS_DEPLOYMENT_TARGET = 10.0;
				LD_RUNPATH_SEARCH_PATHS = (
					"$(inherited)",
					"@executable_path/Frameworks",
				);
				PRODUCT_BUNDLE_IDENTIFIER = Sunny.GCDTest;
				PRODUCT_NAME = "$(TARGET_NAME)";
				TARGETED_DEVICE_FAMILY = "1,2";
			};
			name = Release;
		};
		24426E1D20CE5AF700CFEF7A /* Debug */ = {
			isa = XCBuildConfiguration;
			baseConfigurationReference = 2AB5050A06603A8E265321FC /* Pods-GCDTestTests.debug.xcconfig */;
			buildSettings = {
				BUNDLE_LOADER = "$(TEST_HOST)";
				CODE_SIGN_STYLE = Automatic;
				INFOPLIST_FILE = GCDTestTests/Info.plist;
				LD_RUNPATH_SEARCH_PATHS = (
					"$(inherited)",
					"@executable_path/Frameworks",
					"@loader_path/Frameworks",
				);
				PRODUCT_BUNDLE_IDENTIFIER = Sunny.GCDTestTests;
				PRODUCT_NAME = "$(TARGET_NAME)";
				TARGETED_DEVICE_FAMILY = "1,2";
				TEST_HOST = "$(BUILT_PRODUCTS_DIR)/GCDTest.app/GCDTest";
			};
			name = Debug;
		};
		24426E1E20CE5AF700CFEF7A /* Release */ = {
			isa = XCBuildConfiguration;
			baseConfigurationReference = 288295E11273E35AD727BB5A /* Pods-GCDTestTests.release.xcconfig */;
			buildSettings = {
				BUNDLE_LOADER = "$(TEST_HOST)";
				CODE_SIGN_STYLE = Automatic;
				INFOPLIST_FILE = GCDTestTests/Info.plist;
				LD_RUNPATH_SEARCH_PATHS = (
					"$(inherited)",
					"@executable_path/Frameworks",
					"@loader_path/Frameworks",
				);
				PRODUCT_BUNDLE_IDENTIFIER = Sunny.GCDTestTests;
				PRODUCT_NAME = "$(TARGET_NAME)";
				TARGETED_DEVICE_FAMILY = "1,2";
				TEST_HOST = "$(BUILT_PRODUCTS_DIR)/GCDTest.app/GCDTest";
			};
			name = Release;
		};
		24426E2020CE5AF700CFEF7A /* Debug */ = {
			isa = XCBuildConfiguration;
			baseConfigurationReference = 1A03B5277DBF43ACA3423959 /* Pods-GCDTestUITests.debug.xcconfig */;
			buildSettings = {
				CODE_SIGN_STYLE = Automatic;
				INFOPLIST_FILE = GCDTestUITests/Info.plist;
				LD_RUNPATH_SEARCH_PATHS = (
					"$(inherited)",
					"@executable_path/Frameworks",
					"@loader_path/Frameworks",
				);
				PRODUCT_BUNDLE_IDENTIFIER = Sunny.GCDTestUITests;
				PRODUCT_NAME = "$(TARGET_NAME)";
				TARGETED_DEVICE_FAMILY = "1,2";
				TEST_TARGET_NAME = GCDTest;
			};
			name = Debug;
		};
		24426E2120CE5AF700CFEF7A /* Release */ = {
			isa = XCBuildConfiguration;
			baseConfigurationReference = B2E1EFDBEEBA0B302202ABB6 /* Pods-GCDTestUITests.release.xcconfig */;
			buildSettings = {
				CODE_SIGN_STYLE = Automatic;
				INFOPLIST_FILE = GCDTestUITests/Info.plist;
				LD_RUNPATH_SEARCH_PATHS = (
					"$(inherited)",
					"@executable_path/Frameworks",
					"@loader_path/Frameworks",
				);
				PRODUCT_BUNDLE_IDENTIFIER = Sunny.GCDTestUITests;
				PRODUCT_NAME = "$(TARGET_NAME)";
				TARGETED_DEVICE_FAMILY = "1,2";
				TEST_TARGET_NAME = GCDTest;
			};
			name = Release;
		};
/* End XCBuildConfiguration section */

/* Begin XCConfigurationList section */
		24426DE820CE5AF400CFEF7A /* Build configuration list for PBXProject "GCDTest" */ = {
			isa = XCConfigurationList;
			buildConfigurations = (
				24426E1720CE5AF700CFEF7A /* Debug */,
				24426E1820CE5AF700CFEF7A /* Release */,
			);
			defaultConfigurationIsVisible = 0;
			defaultConfigurationName = Release;
		};
		24426E1920CE5AF700CFEF7A /* Build configuration list for PBXNativeTarget "GCDTest" */ = {
			isa = XCConfigurationList;
			buildConfigurations = (
				24426E1A20CE5AF700CFEF7A /* Debug */,
				24426E1B20CE5AF700CFEF7A /* Release */,
			);
			defaultConfigurationIsVisible = 0;
			defaultConfigurationName = Release;
		};
		24426E1C20CE5AF700CFEF7A /* Build configuration list for PBXNativeTarget "GCDTestTests" */ = {
			isa = XCConfigurationList;
			buildConfigurations = (
				24426E1D20CE5AF700CFEF7A /* Debug */,
				24426E1E20CE5AF700CFEF7A /* Release */,
			);
			defaultConfigurationIsVisible = 0;
			defaultConfigurationName = Release;
		};
		24426E1F20CE5AF700CFEF7A /* Build configuration list for PBXNativeTarget "GCDTestUITests" */ = {
			isa = XCConfigurationList;
			buildConfigurations = (
				24426E2020CE5AF700CFEF7A /* Debug */,
				24426E2120CE5AF700CFEF7A /* Release */,
			);
			defaultConfigurationIsVisible = 0;
			defaultConfigurationName = Release;
		};
/* End XCConfigurationList section */
	};
	rootObject = 24426DE520CE5AF400CFEF7A /* Project object */;
}
